
Microsoft Visual Studio Solution File, Format Version 12.00
# Visual Studio Version 17
VisualStudioVersion = 17.14.36401.2 d17.14
MinimumVisualStudioVersion = 10.0.40219.1
Project("{FAE04EC0-301F-11D3-BF4B-00C04F79EFBC}") = "Vehicle_Rental_System", "Vehicle_Rental_System\Vehicle_Rental_System.csproj", "{683766E2-76A4-484A-B5A4-9D399C8F6CD9}"
EndProject
Global
	GlobalSection(SolutionConfigurationPlatforms) = preSolution
		Debug|Any CPU = Debug|Any CPU
		Release|Any CPU = Release|Any CPU
	EndGlobalSection
	GlobalSection(ProjectConfigurationPlatforms) = postSolution
		{683766E2-76A4-484A-B5A4-9D399C8F6CD9}.Debug|Any CPU.ActiveCfg = Debug|Any CPU
		{683766E2-76A4-484A-B5A4-9D399C8F6CD9}.Debug|Any CPU.Build.0 = Debug|Any CPU
		{683766E2-76A4-484A-B5A4-9D399C8F6CD9}.Release|Any CPU.ActiveCfg = Release|Any CPU
		{683766E2-76A4-484A-B5A4-9D399C8F6CD9}.Release|Any CPU.Build.0 = Release|Any CPU
	EndGlobalSection
	GlobalSection(SolutionProperties) = preSolution
		HideSolutionNode = FALSE
	EndGlobalSection
	GlobalSection(ExtensibilityGlobals) = postSolution
		SolutionGuid = {7B7120B6-62BF-42E1-83BD-4ECFE7F6B0FF}
	EndGlobalSection
EndGlobal
